
Microsoft Visual Studio Solution File, Format Version 12.00
# Visual Studio Version 16
VisualStudioVersion = 16.0.29009.5
MinimumVisualStudioVersion = 10.0.40219.1
Project("{FAE04EC0-301F-11D3-BF4B-00C04F79EFBC}") = "SimpleHttpApiFunctionApp", "SimpleHttpApiFunctionApp\SimpleHttpApiFunctionApp.csproj", "{EB378577-5859-4579-983D-C9639FA9EDE6}"
EndProject
Project("{151D2E53-A2C4-4D7D-83FE-D05416EBD58E}") = "SimpleHttpApiFunctionApp.Deployment", "SimpleHttpApiFunctionApp.Deployment\SimpleHttpApiFunctionApp.Deployment.deployproj", "{C16CB132-5DCE-4DAD-9433-15096563A6E4}"
EndProject
Global
	GlobalSection(SolutionConfigurationPlatforms) = preSolution
		Debug|Any CPU = Debug|Any CPU
		Release|Any CPU = Release|Any CPU
	EndGlobalSection
	GlobalSection(ProjectConfigurationPlatforms) = postSolution
		{EB378577-5859-4579-983D-C9639FA9EDE6}.Debug|Any CPU.ActiveCfg = Debug|Any CPU
		{EB378577-5859-4579-983D-C9639FA9EDE6}.Debug|Any CPU.Build.0 = Debug|Any CPU
		{EB378577-5859-4579-983D-C9639FA9EDE6}.Release|Any CPU.ActiveCfg = Release|Any CPU
		{EB378577-5859-4579-983D-C9639FA9EDE6}.Release|Any CPU.Build.0 = Release|Any CPU
		{C16CB132-5DCE-4DAD-9433-15096563A6E4}.Debug|Any CPU.ActiveCfg = Debug|Any CPU
		{C16CB132-5DCE-4DAD-9433-15096563A6E4}.Debug|Any CPU.Build.0 = Debug|Any CPU
		{C16CB132-5DCE-4DAD-9433-15096563A6E4}.Release|Any CPU.ActiveCfg = Release|Any CPU
		{C16CB132-5DCE-4DAD-9433-15096563A6E4}.Release|Any CPU.Build.0 = Release|Any CPU
	EndGlobalSection
	GlobalSection(SolutionProperties) = preSolution
		HideSolutionNode = FALSE
	EndGlobalSection
	GlobalSection(ExtensibilityGlobals) = postSolution
		SolutionGuid = {CE2B5D08-08AE-4886-9ECE-1197D6CF14E0}
	EndGlobalSection
EndGlobal
